
Microsoft Visual Studio Solution File, Format Version 12.00
# Visual Studio 2012
Project("{FAE04EC0-301F-11D3-BF4B-00C04F79EFBC}") = "HackathonTrial", "HackathonTrial\HackathonTrial.csproj", "{45138F23-334C-4E14-A422-97AAAE9E6F1E}"
EndProject
Project("{FAE04EC0-301F-11D3-BF4B-00C04F79EFBC}") = "HackathonTrial.iOS", "iOS\HackathonTrial.iOS.csproj", "{24FE7E00-1E27-49D2-8753-2E7995725DA2}"
EndProject
Project("{FAE04EC0-301F-11D3-BF4B-00C04F79EFBC}") = "HackathonTrial.Droid", "Droid\HackathonTrial.Droid.csproj", "{10EDA81C-95C2-4EFA-8940-51EEAAED28DD}"
EndProject
Global
	GlobalSection(SolutionConfigurationPlatforms) = preSolution
		Debug|Any CPU = Debug|Any CPU
		Release|Any CPU = Release|Any CPU
		Debug|iPhoneSimulator = Debug|iPhoneSimulator
		Release|iPhone = Release|iPhone
		Release|iPhoneSimulator = Release|iPhoneSimulator
		Debug|iPhone = Debug|iPhone
	EndGlobalSection
	GlobalSection(ProjectConfigurationPlatforms) = postSolution
		{45138F23-334C-4E14-A422-97AAAE9E6F1E}.Debug|Any CPU.ActiveCfg = Debug|Any CPU
		{45138F23-334C-4E14-A422-97AAAE9E6F1E}.Debug|Any CPU.Build.0 = Debug|Any CPU
		{45138F23-334C-4E14-A422-97AAAE9E6F1E}.Release|Any CPU.ActiveCfg = Release|Any CPU
		{45138F23-334C-4E14-A422-97AAAE9E6F1E}.Release|Any CPU.Build.0 = Release|Any CPU
		{45138F23-334C-4E14-A422-97AAAE9E6F1E}.Debug|iPhoneSimulator.ActiveCfg = Debug|Any CPU
		{45138F23-334C-4E14-A422-97AAAE9E6F1E}.Debug|iPhoneSimulator.Build.0 = Debug|Any CPU
		{45138F23-334C-4E14-A422-97AAAE9E6F1E}.Release|iPhone.ActiveCfg = Release|Any CPU
		{45138F23-334C-4E14-A422-97AAAE9E6F1E}.Release|iPhone.Build.0 = Release|Any CPU
		{45138F23-334C-4E14-A422-97AAAE9E6F1E}.Release|iPhoneSimulator.ActiveCfg = Release|Any CPU
		{45138F23-334C-4E14-A422-97AAAE9E6F1E}.Release|iPhoneSimulator.Build.0 = Release|Any CPU
		{45138F23-334C-4E14-A422-97AAAE9E6F1E}.Debug|iPhone.ActiveCfg = Debug|Any CPU
		{45138F23-334C-4E14-A422-97AAAE9E6F1E}.Debug|iPhone.Build.0 = Debug|Any CPU
		{24FE7E00-1E27-49D2-8753-2E7995725DA2}.Debug|Any CPU.ActiveCfg = Debug|iPhoneSimulator
		{24FE7E00-1E27-49D2-8753-2E7995725DA2}.Debug|Any CPU.Build.0 = Debug|iPhoneSimulator
		{24FE7E00-1E27-49D2-8753-2E7995725DA2}.Release|Any CPU.ActiveCfg = Release|iPhone
		{24FE7E00-1E27-49D2-8753-2E7995725DA2}.Release|Any CPU.Build.0 = Release|iPhone
		{24FE7E00-1E27-49D2-8753-2E7995725DA2}.Debug|iPhoneSimulator.ActiveCfg = Debug|iPhoneSimulator
		{24FE7E00-1E27-49D2-8753-2E7995725DA2}.Debug|iPhoneSimulator.Build.0 = Debug|iPhoneSimulator
		{24FE7E00-1E27-49D2-8753-2E7995725DA2}.Release|iPhone.ActiveCfg = Release|iPhone
		{24FE7E00-1E27-49D2-8753-2E7995725DA2}.Release|iPhone.Build.0 = Release|iPhone
		{24FE7E00-1E27-49D2-8753-2E7995725DA2}.Release|iPhoneSimulator.ActiveCfg = Release|iPhoneSimulator
		{24FE7E00-1E27-49D2-8753-2E7995725DA2}.Release|iPhoneSimulator.Build.0 = Release|iPhoneSimulator
		{24FE7E00-1E27-49D2-8753-2E7995725DA2}.Debug|iPhone.ActiveCfg = Debug|iPhone
		{24FE7E00-1E27-49D2-8753-2E7995725DA2}.Debug|iPhone.Build.0 = Debug|iPhone
		{10EDA81C-95C2-4EFA-8940-51EEAAED28DD}.Debug|Any CPU.ActiveCfg = Debug|Any CPU
		{10EDA81C-95C2-4EFA-8940-51EEAAED28DD}.Debug|Any CPU.Build.0 = Debug|Any CPU
		{10EDA81C-95C2-4EFA-8940-51EEAAED28DD}.Release|Any CPU.ActiveCfg = Release|Any CPU
		{10EDA81C-95C2-4EFA-8940-51EEAAED28DD}.Release|Any CPU.Build.0 = Release|Any CPU
		{10EDA81C-95C2-4EFA-8940-51EEAAED28DD}.Debug|iPhoneSimulator.ActiveCfg = Debug|Any CPU
		{10EDA81C-95C2-4EFA-8940-51EEAAED28DD}.Debug|iPhoneSimulator.Build.0 = Debug|Any CPU
		{10EDA81C-95C2-4EFA-8940-51EEAAED28DD}.Release|iPhone.ActiveCfg = Release|Any CPU
		{10EDA81C-95C2-4EFA-8940-51EEAAED28DD}.Release|iPhone.Build.0 = Release|Any CPU
		{10EDA81C-95C2-4EFA-8940-51EEAAED28DD}.Release|iPhoneSimulator.ActiveCfg = Release|Any CPU
		{10EDA81C-95C2-4EFA-8940-51EEAAED28DD}.Release|iPhoneSimulator.Build.0 = Release|Any CPU
		{10EDA81C-95C2-4EFA-8940-51EEAAED28DD}.Debug|iPhone.ActiveCfg = Debug|Any CPU
		{10EDA81C-95C2-4EFA-8940-51EEAAED28DD}.Debug|iPhone.Build.0 = Debug|Any CPU
	EndGlobalSection
EndGlobal
